
Microsoft Visual Studio Solution File, Format Version 12.00
# Visual Studio Version 17
VisualStudioVersion = 17.9.34723.18
MinimumVisualStudioVersion = 10.0.40219.1
Project("{FAE04EC0-301F-11D3-BF4B-00C04F79EFBC}") = "JwtAuthApi", "JwtAuth\JwtAuthApi.csproj", "{98ED4B7E-A14D-4993-87FC-BEAA1FCDDE5A}"
EndProject
Global
	GlobalSection(SolutionConfigurationPlatforms) = preSolution
		Debug|Any CPU = Debug|Any CPU
		Release|Any CPU = Release|Any CPU
	EndGlobalSection
	GlobalSection(ProjectConfigurationPlatforms) = postSolution
		{98ED4B7E-A14D-4993-87FC-BEAA1FCDDE5A}.Debug|Any CPU.ActiveCfg = Debug|Any CPU
		{98ED4B7E-A14D-4993-87FC-BEAA1FCDDE5A}.Debug|Any CPU.Build.0 = Debug|Any CPU
		{98ED4B7E-A14D-4993-87FC-BEAA1FCDDE5A}.Release|Any CPU.ActiveCfg = Release|Any CPU
		{98ED4B7E-A14D-4993-87FC-BEAA1FCDDE5A}.Release|Any CPU.Build.0 = Release|Any CPU
	EndGlobalSection
	GlobalSection(SolutionProperties) = preSolution
		HideSolutionNode = FALSE
	EndGlobalSection
	GlobalSection(ExtensibilityGlobals) = postSolution
		SolutionGuid = {4B7E7F4F-B791-438D-B478-E0D787C5111D}
	EndGlobalSection
EndGlobal
